
Microsoft Visual Studio Solution File, Format Version 12.00
# Visual Studio Version 17
VisualStudioVersion = 17.9.34728.123
MinimumVisualStudioVersion = 10.0.40219.1
Project("{FAE04EC0-301F-11D3-BF4B-00C04F79EFBC}") = "Interface Segregation Principle", "Interface Segregation Principle\Interface Segregation Principle.csproj", "{83FDD0B3-0D5C-4CDD-8789-18A5E78B890B}"
EndProject
Project("{9A19103F-16F7-4668-BE54-9A1E7A4F7556}") = "Single Resposibility Prinicple", "..\Single Resposibility Prinicple\Single Resposibility Prinicple\Single Resposibility Prinicple.csproj", "{F8D8E1F7-A8ED-403E-91A8-73E6D5FF7B42}"
EndProject
Global
	GlobalSection(SolutionConfigurationPlatforms) = preSolution
		Debug|Any CPU = Debug|Any CPU
		Release|Any CPU = Release|Any CPU
	EndGlobalSection
	GlobalSection(ProjectConfigurationPlatforms) = postSolution
		{83FDD0B3-0D5C-4CDD-8789-18A5E78B890B}.Debug|Any CPU.ActiveCfg = Debug|Any CPU
		{83FDD0B3-0D5C-4CDD-8789-18A5E78B890B}.Debug|Any CPU.Build.0 = Debug|Any CPU
		{83FDD0B3-0D5C-4CDD-8789-18A5E78B890B}.Release|Any CPU.ActiveCfg = Release|Any CPU
		{83FDD0B3-0D5C-4CDD-8789-18A5E78B890B}.Release|Any CPU.Build.0 = Release|Any CPU
		{F8D8E1F7-A8ED-403E-91A8-73E6D5FF7B42}.Debug|Any CPU.ActiveCfg = Debug|Any CPU
		{F8D8E1F7-A8ED-403E-91A8-73E6D5FF7B42}.Debug|Any CPU.Build.0 = Debug|Any CPU
		{F8D8E1F7-A8ED-403E-91A8-73E6D5FF7B42}.Release|Any CPU.ActiveCfg = Release|Any CPU
		{F8D8E1F7-A8ED-403E-91A8-73E6D5FF7B42}.Release|Any CPU.Build.0 = Release|Any CPU
	EndGlobalSection
	GlobalSection(SolutionProperties) = preSolution
		HideSolutionNode = FALSE
	EndGlobalSection
	GlobalSection(ExtensibilityGlobals) = postSolution
		SolutionGuid = {DB608B34-BB96-4160-86C4-BCE0DA4B4A12}
	EndGlobalSection
EndGlobal
