
Microsoft Visual Studio Solution File, Format Version 12.00
# Visual Studio Version 17
VisualStudioVersion = 17.9.34728.123
MinimumVisualStudioVersion = 10.0.40219.1
Project("{FAE04EC0-301F-11D3-BF4B-00C04F79EFBC}") = "Single Resposibility Prinicple", "Single Resposibility Prinicple\Single Resposibility Prinicple.csproj", "{170090C1-4786-4086-AF71-C30F9D0B138B}"
EndProject
Global
	GlobalSection(SolutionConfigurationPlatforms) = preSolution
		Debug|Any CPU = Debug|Any CPU
		Release|Any CPU = Release|Any CPU
	EndGlobalSection
	GlobalSection(ProjectConfigurationPlatforms) = postSolution
		{170090C1-4786-4086-AF71-C30F9D0B138B}.Debug|Any CPU.ActiveCfg = Debug|Any CPU
		{170090C1-4786-4086-AF71-C30F9D0B138B}.Debug|Any CPU.Build.0 = Debug|Any CPU
		{170090C1-4786-4086-AF71-C30F9D0B138B}.Release|Any CPU.ActiveCfg = Release|Any CPU
		{170090C1-4786-4086-AF71-C30F9D0B138B}.Release|Any CPU.Build.0 = Release|Any CPU
	EndGlobalSection
	GlobalSection(SolutionProperties) = preSolution
		HideSolutionNode = FALSE
	EndGlobalSection
	GlobalSection(ExtensibilityGlobals) = postSolution
		SolutionGuid = {64C94F7E-0CE6-435A-90B2-DF72E461AF1C}
	EndGlobalSection
EndGlobal
